github.com/bluele/mecab-golang v0.0.0-20180831023624-c8cfe04e87f9 h1:+x8pRe3RdzZHEs6nycQrn3C62GDGsWN5o97CzMagl2w=
github.com/bluele/mecab-golang v0.0.0-20180831023624-c8cfe04e87f9/go.mod h1:K/0HE3I7smFaZ/jKh/E8sObNxjBPo8lor+Uxk5rxVoM=
github.com/go-sql-driver/mysql v1.7.0 h1:ueSltNNllEqE3qcWBTD0iQd3IpL/6U+mJxLkazJ7YPc=
github.com/go-sql-driver/mysql v1.7.0/go.mod h1:OXbVy3sEdcQ2Doequ6Z5BW6fXNQTmx+9S1MCJN5yJMI=
github.com/gorilla/mux v1.8.0 h1:i40aqfkR1h2SlN9hojwV5ZA91wcXFOvkdNIeFDP5koI=
github.com/gorilla/mux v1.8.0/go.mod h1:DVbg23sWSpFRCP0SfiEN6jmj59UnW/n46BH5rLB71So=
